// !$*UTF8*$!
{
	archiveVersion = 1;
	classes = {
	};
	objectVersion = 46;
	objects = {

/* Begin PBXBuildFile section */
		BED33EB81D001A4300C8E015 /* AppDelegate.swift in Sources */ = {isa = PBXBuildFile; fileRef = BED33EB71D001A4300C8E015 /* AppDelegate.swift */; };
		BED33EBD1D001A4300C8E015 /* Main.storyboard in Resources */ = {isa = PBXBuildFile; fileRef = BED33EBB1D001A4300C8E015 /* Main.storyboard */; };
		BED33EBF1D001A4300C8E015 /* Assets.xcassets in Resources */ = {isa = PBXBuildFile; fileRef = BED33EBE1D001A4300C8E015 /* Assets.xcassets */; };
		BED33EC21D001A4300C8E015 /* LaunchScreen.storyboard in Resources */ = {isa = PBXBuildFile; fileRef = BED33EC01D001A4300C8E015 /* LaunchScreen.storyboard */; };
		BED33ED11D001C0000C8E015 /* coolvetica-rg.ttf in Resources */ = {isa = PBXBuildFile; fileRef = BED33ED01D001C0000C8E015 /* coolvetica-rg.ttf */; };
		BED33ED41D00261C00C8E015 /* EventsViewController.swift in Sources */ = {isa = PBXBuildFile; fileRef = BED33ED31D00261C00C8E015 /* EventsViewController.swift */; };
		BED33ED61D004AB900C8E015 /* Event.swift in Sources */ = {isa = PBXBuildFile; fileRef = BED33ED51D004AB900C8E015 /* Event.swift */; };
		BED33ED91D004C6000C8E015 /* SampleData.swift in Sources */ = {isa = PBXBuildFile; fileRef = BED33ED81D004C6000C8E015 /* SampleData.swift */; };
		BED33EDD1D00931A00C8E015 /* RightToLeftSegue.swift in Sources */ = {isa = PBXBuildFile; fileRef = BED33EDC1D00931A00C8E015 /* RightToLeftSegue.swift */; };
		BED33EDF1D00972F00C8E015 /* EventInfoController.swift in Sources */ = {isa = PBXBuildFile; fileRef = BED33EDE1D00972F00C8E015 /* EventInfoController.swift */; };
		BED33EE11D00A6D600C8E015 /* PostrButton.swift in Sources */ = {isa = PBXBuildFile; fileRef = BED33EE01D00A6D600C8E015 /* PostrButton.swift */; };
/* End PBXBuildFile section */

/* Begin PBXFileReference section */
		BED33EB41D001A4300C8E015 /* Postr.app */ = {isa = PBXFileReference; explicitFileType = wrapper.application; includeInIndex = 0; path = Postr.app; sourceTree = BUILT_PRODUCTS_DIR; };
		BED33EB71D001A4300C8E015 /* AppDelegate.swift */ = {isa = PBXFileReference; lastKnownFileType = sourcecode.swift; path = AppDelegate.swift; sourceTree = "<group>"; };
		BED33EBC1D001A4300C8E015 /* Base */ = {isa = PBXFileReference; lastKnownFileType = file.storyboard; name = Base; path = Base.lproj/Main.storyboard; sourceTree = "<group>"; };
		BED33EBE1D001A4300C8E015 /* Assets.xcassets */ = {isa = PBXFileReference; lastKnownFileType = folder.assetcatalog; path = Assets.xcassets; sourceTree = "<group>"; };
		BED33EC11D001A4300C8E015 /* Base */ = {isa = PBXFileReference; lastKnownFileType = file.storyboard; name = Base; path = Base.lproj/LaunchScreen.storyboard; sourceTree = "<group>"; };
		BED33EC31D001A4300C8E015 /* Info.plist */ = {isa = PBXFileReference; lastKnownFileType = text.plist.xml; path = Info.plist; sourceTree = "<group>"; };
		BED33ED01D001C0000C8E015 /* coolvetica-rg.ttf */ = {isa = PBXFileReference; lastKnownFileType = file; path = "coolvetica-rg.ttf"; sourceTree = "<group>"; };
		BED33ED31D00261C00C8E015 /* EventsViewController.swift */ = {isa = PBXFileReference; fileEncoding = 4; lastKnownFileType = sourcecode.swift; path = EventsViewController.swift; sourceTree = "<group>"; };
		BED33ED51D004AB900C8E015 /* Event.swift */ = {isa = PBXFileReference; fileEncoding = 4; lastKnownFileType = sourcecode.swift; path = Event.swift; sourceTree = "<group>"; };
		BED33ED81D004C6000C8E015 /* SampleData.swift */ = {isa = PBXFileReference; fileEncoding = 4; lastKnownFileType = sourcecode.swift; path = SampleData.swift; sourceTree = "<group>"; };
		BED33EDC1D00931A00C8E015 /* RightToLeftSegue.swift */ = {isa = PBXFileReference; fileEncoding = 4; lastKnownFileType = sourcecode.swift; path = RightToLeftSegue.swift; sourceTree = "<group>"; };
		BED33EDE1D00972F00C8E015 /* EventInfoController.swift */ = {isa = PBXFileReference; fileEncoding = 4; lastKnownFileType = sourcecode.swift; path = EventInfoController.swift; sourceTree = "<group>"; };
		BED33EE01D00A6D600C8E015 /* PostrButton.swift */ = {isa = PBXFileReference; fileEncoding = 4; lastKnownFileType = sourcecode.swift; path = PostrButton.swift; sourceTree = "<group>"; };
/* End PBXFileReference section */

/* Begin PBXFrameworksBuildPhase section */
		BED33EB11D001A4300C8E015 /* Frameworks */ = {
			isa = PBXFrameworksBuildPhase;
			buildActionMask = 2147483647;
			files = (
			);
			runOnlyForDeploymentPostprocessing = 0;
		};
/* End PBXFrameworksBuildPhase section */

/* Begin PBXGroup section */
		BED33EAB1D001A4300C8E015 = {
			isa = PBXGroup;
			children = (
				BED33EB61D001A4300C8E015 /* Postr */,
				BED33EB51D001A4300C8E015 /* Products */,
			);
			sourceTree = "<group>";
		};
		BED33EB51D001A4300C8E015 /* Products */ = {
			isa = PBXGroup;
			children = (
				BED33EB41D001A4300C8E015 /* Postr.app */,
			);
			name = Products;
			sourceTree = "<group>";
		};
		BED33EB61D001A4300C8E015 /* Postr */ = {
			isa = PBXGroup;
			children = (
				BED33ED21D001D3900C8E015 /* Models */,
				BED33ECD1D001B7A00C8E015 /* Services */,
				BED33ECC1D001B4300C8E015 /* Controllers */,
				BED33ECB1D001B2000C8E015 /* Views */,
				BED33ECA1D001B0D00C8E015 /* Assets */,
				BED33EB71D001A4300C8E015 /* AppDelegate.swift */,
				BED33EC31D001A4300C8E015 /* Info.plist */,
			);
			path = Postr;
			sourceTree = "<group>";
		};
		BED33ECA1D001B0D00C8E015 /* Assets */ = {
			isa = PBXGroup;
			children = (
				BED33ECF1D001BF600C8E015 /* Fonts */,
				BED33ECE1D001BF000C8E015 /* Images */,
				BED33EBE1D001A4300C8E015 /* Assets.xcassets */,
			);
			name = Assets;
			sourceTree = "<group>";
		};
		BED33ECB1D001B2000C8E015 /* Views */ = {
			isa = PBXGroup;
			children = (
				BED33ED71D004B9800C8E015 /* Cells */,
				BED33EBB1D001A4300C8E015 /* Main.storyboard */,
				BED33EC01D001A4300C8E015 /* LaunchScreen.storyboard */,
				BED33EDC1D00931A00C8E015 /* RightToLeftSegue.swift */,
				BED33EE01D00A6D600C8E015 /* PostrButton.swift */,
			);
			name = Views;
			sourceTree = "<group>";
		};
		BED33ECC1D001B4300C8E015 /* Controllers */ = {
			isa = PBXGroup;
			children = (
				BED33ED31D00261C00C8E015 /* EventsViewController.swift */,
				BED33EDE1D00972F00C8E015 /* EventInfoController.swift */,
			);
			name = Controllers;
			sourceTree = "<group>";
		};
		BED33ECD1D001B7A00C8E015 /* Services */ = {
			isa = PBXGroup;
			children = (
			);
			name = Services;
			sourceTree = "<group>";
		};
		BED33ECE1D001BF000C8E015 /* Images */ = {
			isa = PBXGroup;
			children = (
			);
			name = Images;
			sourceTree = "<group>";
		};
		BED33ECF1D001BF600C8E015 /* Fonts */ = {
			isa = PBXGroup;
			children = (
				BED33ED01D001C0000C8E015 /* coolvetica-rg.ttf */,
			);
			name = Fonts;
			sourceTree = "<group>";
		};
		BED33ED21D001D3900C8E015 /* Models */ = {
			isa = PBXGroup;
			children = (
				BED33ED51D004AB900C8E015 /* Event.swift */,
				BED33ED81D004C6000C8E015 /* SampleData.swift */,
			);
			name = Models;
			sourceTree = "<group>";
		};
		BED33ED71D004B9800C8E015 /* Cells */ = {
			isa = PBXGroup;
			children = (
			);
			name = Cells;
			sourceTree = "<group>";
		};
/* End PBXGroup section */

/* Begin PBXNativeTarget section */
		BED33EB31D001A4300C8E015 /* Postr */ = {
			isa = PBXNativeTarget;
			buildConfigurationList = BED33EC61D001A4300C8E015 /* Build configuration list for PBXNativeTarget "Postr" */;
			buildPhases = (
				BED33EB01D001A4300C8E015 /* Sources */,
				BED33EB11D001A4300C8E015 /* Frameworks */,
				BED33EB21D001A4300C8E015 /* Resources */,
			);
			buildRules = (
			);
			dependencies = (
			);
			name = Postr;
			productName = Postr;
			productReference = BED33EB41D001A4300C8E015 /* Postr.app */;
			productType = "com.apple.product-type.application";
		};
/* End PBXNativeTarget section */

/* Begin PBXProject section */
		BED33EAC1D001A4300C8E015 /* Project object */ = {
			isa = PBXProject;
			attributes = {
				LastSwiftUpdateCheck = 0730;
				LastUpgradeCheck = 0730;
				ORGANIZATIONNAME = "Steven Kingaby";
				TargetAttributes = {
					BED33EB31D001A4300C8E015 = {
						CreatedOnToolsVersion = 7.3.1;
						DevelopmentTeam = DEW7H9H6J2;
					};
				};
			};
			buildConfigurationList = BED33EAF1D001A4300C8E015 /* Build configuration list for PBXProject "Postr" */;
			compatibilityVersion = "Xcode 3.2";
			developmentRegion = English;
			hasScannedForEncodings = 0;
			knownRegions = (
				en,
				Base,
			);
			mainGroup = BED33EAB1D001A4300C8E015;
			productRefGroup = BED33EB51D001A4300C8E015 /* Products */;
			projectDirPath = "";
			projectRoot = "";
			targets = (
				BED33EB31D001A4300C8E015 /* Postr */,
			);
		};
/* End PBXProject section */

/* Begin PBXResourcesBuildPhase section */
		BED33EB21D001A4300C8E015 /* Resources */ = {
			isa = PBXResourcesBuildPhase;
			buildActionMask = 2147483647;
			files = (
				BED33ED11D001C0000C8E015 /* coolvetica-rg.ttf in Resources */,
				BED33EC21D001A4300C8E015 /* LaunchScreen.storyboard in Resources */,
				BED33EBF1D001A4300C8E015 /* Assets.xcassets in Resources */,
				BED33EBD1D001A4300C8E015 /* Main.storyboard in Resources */,
			);
			runOnlyForDeploymentPostprocessing = 0;
		};
/* End PBXResourcesBuildPhase section */

/* Begin PBXSourcesBuildPhase section */
		BED33EB01D001A4300C8E015 /* Sources */ = {
			isa = PBXSourcesBuildPhase;
			buildActionMask = 2147483647;
			files = (
				BED33EDF1D00972F00C8E015 /* EventInfoController.swift in Sources */,
				BED33EDD1D00931A00C8E015 /* RightToLeftSegue.swift in Sources */,
				BED33EB81D001A4300C8E015 /* AppDelegate.swift in Sources */,
				BED33ED61D004AB900C8E015 /* Event.swift in Sources */,
				BED33EE11D00A6D600C8E015 /* PostrButton.swift in Sources */,
				BED33ED41D00261C00C8E015 /* EventsViewController.swift in Sources */,
				BED33ED91D004C6000C8E015 /* SampleData.swift in Sources */,
			);
			runOnlyForDeploymentPostprocessing = 0;
		};
/* End PBXSourcesBuildPhase section */

/* Begin PBXVariantGroup section */
		BED33EBB1D001A4300C8E015 /* Main.storyboard */ = {
			isa = PBXVariantGroup;
			children = (
				BED33EBC1D001A4300C8E015 /* Base */,
			);
			name = Main.storyboard;
			sourceTree = "<group>";
		};
		BED33EC01D001A4300C8E015 /* LaunchScreen.storyboard */ = {
			isa = PBXVariantGroup;
			children = (
				BED33EC11D001A4300C8E015 /* Base */,
			);
			name = LaunchScreen.storyboard;
			sourceTree = "<group>";
		};
/* End PBXVariantGroup section */

/* Begin XCBuildConfiguration section */
		BED33EC41D001A4300C8E015 /* Debug */ = {
			isa = XCBuildConfiguration;
			buildSettings = {
				ALWAYS_SEARCH_USER_PATHS = NO;
				CLANG_ANALYZER_NONNULL = YES;
				CLANG_CXX_LANGUAGE_STANDARD = "gnu++0x";
				CLANG_CXX_LIBRARY = "libc++";
				CLANG_ENABLE_MODULES = YES;
				CLANG_ENABLE_OBJC_ARC = YES;
				CLANG_WARN_BOOL_CONVERSION = YES;
				CLANG_WARN_CONSTANT_CONVERSION = YES;
				CLANG_WARN_DIRECT_OBJC_ISA_USAGE = YES_ERROR;
				CLANG_WARN_EMPTY_BODY = YES;
				CLANG_WARN_ENUM_CONVERSION = YES;
				CLANG_WARN_INT_CONVERSION = YES;
				CLANG_WARN_OBJC_ROOT_CLASS = YES_ERROR;
				CLANG_WARN_UNREACHABLE_CODE = YES;
				CLANG_WARN__DUPLICATE_METHOD_MATCH = YES;
				"CODE_SIGN_IDENTITY[sdk=iphoneos*]" = "iPhone Developer";
				COPY_PHASE_STRIP = NO;
				DEBUG_INFORMATION_FORMAT = dwarf;
				ENABLE_STRICT_OBJC_MSGSEND = YES;
				ENABLE_TESTABILITY = YES;
				GCC_C_LANGUAGE_STANDARD = gnu99;
				GCC_DYNAMIC_NO_PIC = NO;
				GCC_NO_COMMON_BLOCKS = YES;
				GCC_OPTIMIZATION_LEVEL = 0;
				GCC_PREPROCESSOR_DEFINITIONS = (
					"DEBUG=1",
					"$(inherited)",
				);
				GCC_WARN_64_TO_32_BIT_CONVERSION = YES;
				GCC_WARN_ABOUT_RETURN_TYPE = YES_ERROR;
				GCC_WARN_UNDECLARED_SELECTOR = YES;
				GCC_WARN_UNINITIALIZED_AUTOS = YES_AGGRESSIVE;
				GCC_WARN_UNUSED_FUNCTION = YES;
				GCC_WARN_UNUSED_VARIABLE = YES;
				IPHONEOS_DEPLOYMENT_TARGET = 9.3;
				MTL_ENABLE_DEBUG_INFO = YES;
				ONLY_ACTIVE_ARCH = YES;
				SDKROOT = iphoneos;
				SWIFT_OPTIMIZATION_LEVEL = "-Onone";
			};
			name = Debug;
		};
		BED33EC51D001A4300C8E015 /* Release */ = {
			isa = XCBuildConfiguration;
			buildSettings = {
				ALWAYS_SEARCH_USER_PATHS = NO;
				CLANG_ANALYZER_NONNULL = YES;
				CLANG_CXX_LANGUAGE_STANDARD = "gnu++0x";
				CLANG_CXX_LIBRARY = "libc++";
				CLANG_ENABLE_MODULES = YES;
				CLANG_ENABLE_OBJC_ARC = YES;
				CLANG_WARN_BOOL_CONVERSION = YES;
				CLANG_WARN_CONSTANT_CONVERSION = YES;
				CLANG_WARN_DIRECT_OBJC_ISA_USAGE = YES_ERROR;
				CLANG_WARN_EMPTY_BODY = YES;
				CLANG_WARN_ENUM_CONVERSION = YES;
				CLANG_WARN_INT_CONVERSION = YES;
				CLANG_WARN_OBJC_ROOT_CLASS = YES_ERROR;
				CLANG_WARN_UNREACHABLE_CODE = YES;
				CLANG_WARN__DUPLICATE_METHOD_MATCH = YES;
				"CODE_SIGN_IDENTITY[sdk=iphoneos*]" = "iPhone Developer";
				COPY_PHASE_STRIP = NO;
				DEBUG_INFORMATION_FORMAT = "dwarf-with-dsym";
				ENABLE_NS_ASSERTIONS = NO;
				ENABLE_STRICT_OBJC_MSGSEND = YES;
				GCC_C_LANGUAGE_STANDARD = gnu99;
				GCC_NO_COMMON_BLOCKS = YES;
				GCC_WARN_64_TO_32_BIT_CONVERSION = YES;
				GCC_WARN_ABOUT_RETURN_TYPE = YES_ERROR;
				GCC_WARN_UNDECLARED_SELECTOR = YES;
				GCC_WARN_UNINITIALIZED_AUTOS = YES_AGGRESSIVE;
				GCC_WARN_UNUSED_FUNCTION = YES;
				GCC_WARN_UNUSED_VARIABLE = YES;
				IPHONEOS_DEPLOYMENT_TARGET = 9.3;
				MTL_ENABLE_DEBUG_INFO = NO;
				SDKROOT = iphoneos;
				VALIDATE_PRODUCT = YES;
			};
			name = Release;
		};
		BED33EC71D001A4300C8E015 /* Debug */ = {
			isa = XCBuildConfiguration;
			buildSettings = {
				ASSETCATALOG_COMPILER_APPICON_NAME = AppIcon;
				INFOPLIST_FILE = Postr/Info.plist;
				LD_RUNPATH_SEARCH_PATHS = "$(inherited) @executable_path/Frameworks";
				PRODUCT_BUNDLE_IDENTIFIER = com.kingaby.Postr;
				PRODUCT_NAME = "$(TARGET_NAME)";
			};
			name = Debug;
		};
		BED33EC81D001A4300C8E015 /* Release */ = {
			isa = XCBuildConfiguration;
			buildSettings = {
				ASSETCATALOG_COMPILER_APPICON_NAME = AppIcon;
				INFOPLIST_FILE = Postr/Info.plist;
				LD_RUNPATH_SEARCH_PATHS = "$(inherited) @executable_path/Frameworks";
				PRODUCT_BUNDLE_IDENTIFIER = com.kingaby.Postr;
				PRODUCT_NAME = "$(TARGET_NAME)";
			};
			name = Release;
		};
/* End XCBuildConfiguration section */

/* Begin XCConfigurationList section */
		BED33EAF1D001A4300C8E015 /* Build configuration list for PBXProject "Postr" */ = {
			isa = XCConfigurationList;
			buildConfigurations = (
				BED33EC41D001A4300C8E015 /* Debug */,
				BED33EC51D001A4300C8E015 /* Release */,
			);
			defaultConfigurationIsVisible = 0;
			defaultConfigurationName = Release;
		};
		BED33EC61D001A4300C8E015 /* Build configuration list for PBXNativeTarget "Postr" */ = {
			isa = XCConfigurationList;
			buildConfigurations = (
				BED33EC71D001A4300C8E015 /* Debug */,
				BED33EC81D001A4300C8E015 /* Release */,
			);
			defaultConfigurationIsVisible = 0;
			defaultConfigurationName = Release;
		};
/* End XCConfigurationList section */
	};
	rootObject = BED33EAC1D001A4300C8E015 /* Project object */;
}
